
Microsoft Visual Studio Solution File, Format Version 12.00
# Visual Studio Version 17
VisualStudioVersion = 17.11.35312.102
MinimumVisualStudioVersion = 10.0.40219.1
Project("{FAE04EC0-301F-11D3-BF4B-00C04F79EFBC}") = "calculator", "calculator.csproj", "{4ED3C7E4-B809-4780-8671-BF0E8BFCDDA2}"
EndProject
Global
	GlobalSection(SolutionConfigurationPlatforms) = preSolution
		Debug|Any CPU = Debug|Any CPU
		Release|Any CPU = Release|Any CPU
	EndGlobalSection
	GlobalSection(ProjectConfigurationPlatforms) = postSolution
		{4ED3C7E4-B809-4780-8671-BF0E8BFCDDA2}.Debug|Any CPU.ActiveCfg = Debug|Any CPU
		{4ED3C7E4-B809-4780-8671-BF0E8BFCDDA2}.Debug|Any CPU.Build.0 = Debug|Any CPU
		{4ED3C7E4-B809-4780-8671-BF0E8BFCDDA2}.Release|Any CPU.ActiveCfg = Release|Any CPU
		{4ED3C7E4-B809-4780-8671-BF0E8BFCDDA2}.Release|Any CPU.Build.0 = Release|Any CPU
	EndGlobalSection
	GlobalSection(SolutionProperties) = preSolution
		HideSolutionNode = FALSE
	EndGlobalSection
	GlobalSection(ExtensibilityGlobals) = postSolution
		SolutionGuid = {5DE15D7B-4CD8-4E6C-B6A1-88C939BE2D83}
	EndGlobalSection
EndGlobal
